PODS:
  - eidmsdk (0.9.1):
    - Flutter
    - JWTDecode
    - lottie-ios
    - OpenSSL-Universal
  - Flutter (1.0.0)
  - integration_test (0.0.1):
    - Flutter
  - JWTDecode (2.6.3)
  - lottie-ios (4.4.0)
  - OpenSSL-Universal (1.1.2200)

DEPENDENCIES:
  - eidmsdk (from `.symlinks/plugins/eidmsdk/ios`)
  - Flutter (from `Flutter`)
  - integration_test (from `.symlinks/plugins/integration_test/ios`)

SPEC REPOS:
  trunk:
    - JWTDecode
    - lottie-ios
    - OpenSSL-Universal

EXTERNAL SOURCES:
  eidmsdk:
    :path: ".symlinks/plugins/eidmsdk/ios"
  Flutter:
    :path: Flutter
  integration_test:
    :path: ".symlinks/plugins/integration_test/ios"

SPEC CHECKSUMS:
  eidmsdk: 929b6b08ac58a2d4322781ed54ad507e2fcf5434
  Flutter: e0871f40cf51350855a761d2e70bf5af5b9b5de7
  integration_test: 4a889634ef21a45d28d50d622cf412dc6d9f586e
  JWTDecode: 33e5e26e5ddbd21b2065820894c08fef0cad9509
  lottie-ios: ef1be1f90d54255f08e09d767950e43714661178
  OpenSSL-Universal: 6e1ae0555546e604dbc632a2b9a24a9c46c41ef6

PODFILE CHECKSUM: 1959d098c91d8a792531a723c4a9d7e9f6a01e38

COCOAPODS: 1.16.2
