PODS:
  - eidmsdk (1.0.0):
    - Flutter
    - JWTDecode
    - lottie-ios
    - OpenSSL-Universal
  - Flutter (1.0.0)
  - integration_test (0.0.1):
    - Flutter
  - JWTDecode (4.0.0)
  - lottie-ios (4.6.0)
  - OpenSSL-Universal (3.6.2000)

DEPENDENCIES:
  - eidmsdk (from `.symlinks/plugins/eidmsdk/ios`)
  - Flutter (from `Flutter`)
  - integration_test (from `.symlinks/plugins/integration_test/ios`)

SPEC REPOS:
  trunk:
    - JWTDecode
    - lottie-ios
    - OpenSSL-Universal

EXTERNAL SOURCES:
  eidmsdk:
    :path: ".symlinks/plugins/eidmsdk/ios"
  Flutter:
    :path: Flutter
  integration_test:
    :path: ".symlinks/plugins/integration_test/ios"

SPEC CHECKSUMS:
  eidmsdk: 516eacb5a5389bd4e7b0ea6f987381b04ef3e26c
  Flutter: e0871f40cf51350855a761d2e70bf5af5b9b5de7
  integration_test: 4a889634ef21a45d28d50d622cf412dc6d9f586e
  JWTDecode: a420459e8c73d7840cb6a6a7a1eb89c894d58499
  lottie-ios: 8f959969761e9c45d70353667d00af0e5b9cadb3
  OpenSSL-Universal: ecee7b138fa75a74ecf00d7ffd248fb584739b9e

PODFILE CHECKSUM: 1959d098c91d8a792531a723c4a9d7e9f6a01e38

COCOAPODS: 1.16.2
